// !$*UTF8*$!
{
	archiveVersion = 1;
	classes = {
	};
	objectVersion = 56;
	objects = {

/* Begin PBXBuildFile section */
		BF02582829982D5F00EBD918 /* MittensApp.swift in Sources */ = {isa = PBXBuildFile; fileRef = BF02582729982D5F00EBD918 /* MittensApp.swift */; };
		BF02582A29982D5F00EBD918 /* ContentView.swift in Sources */ = {isa = PBXBuildFile; fileRef = BF02582929982D5F00EBD918 /* ContentView.swift */; };
		BF02582C29982D6100EBD918 /* Assets.xcassets in Resources */ = {isa = PBXBuildFile; fileRef = BF02582B29982D6100EBD918 /* Assets.xcassets */; };
		BF02582F29982D6100EBD918 /* Preview Assets.xcassets in Resources */ = {isa = PBXBuildFile; fileRef = BF02582E29982D6100EBD918 /* Preview Assets.xcassets */; };
		BF02584B2998314E00EBD918 /* Data.swift in Sources */ = {isa = PBXBuildFile; fileRef = BF0258372998314E00EBD918 /* Data.swift */; };
		BF02584C2998314E00EBD918 /* WelcomeScreenEdit.swift in Sources */ = {isa = PBXBuildFile; fileRef = BF0258382998314E00EBD918 /* WelcomeScreenEdit.swift */; };
		BF02584D2998314E00EBD918 /* SettingsPage.swift in Sources */ = {isa = PBXBuildFile; fileRef = BF0258392998314E00EBD918 /* SettingsPage.swift */; };
		BF02584F2998314E00EBD918 /* LoadingScreen.swift in Sources */ = {isa = PBXBuildFile; fileRef = BF02583C2998314E00EBD918 /* LoadingScreen.swift */; };
		BF0258502998314E00EBD918 /* MainScreenWelcome.swift in Sources */ = {isa = PBXBuildFile; fileRef = BF02583D2998314E00EBD918 /* MainScreenWelcome.swift */; };
		BF0258522998314E00EBD918 /* MainScreenView.swift in Sources */ = {isa = PBXBuildFile; fileRef = BF02583F2998314E00EBD918 /* MainScreenView.swift */; };
		BF0258532998314E00EBD918 /* ClockOutCheck.swift in Sources */ = {isa = PBXBuildFile; fileRef = BF0258422998314E00EBD918 /* ClockOutCheck.swift */; };
		BF0258542998314E00EBD918 /* NewUserSignUpView.swift in Sources */ = {isa = PBXBuildFile; fileRef = BF0258442998314E00EBD918 /* NewUserSignUpView.swift */; };
		BF0258552998314E00EBD918 /* UserRow.swift in Sources */ = {isa = PBXBuildFile; fileRef = BF0258462998314E00EBD918 /* UserRow.swift */; };
		BF0258562998314E00EBD918 /* NameUserRow.swift in Sources */ = {isa = PBXBuildFile; fileRef = BF0258472998314E00EBD918 /* NameUserRow.swift */; };
		BF0258572998314E00EBD918 /* ImputField.swift in Sources */ = {isa = PBXBuildFile; fileRef = BF0258492998314E00EBD918 /* ImputField.swift */; };
		BF0258582998314E00EBD918 /* RoundedShapes.swift in Sources */ = {isa = PBXBuildFile; fileRef = BF02584A2998314E00EBD918 /* RoundedShapes.swift */; };
		BF02585C2998360500EBD918 /* Vanilla-Caramel.otf in Resources */ = {isa = PBXBuildFile; fileRef = BF02585B2998360500EBD918 /* Vanilla-Caramel.otf */; };
		BF025860299BCBF900EBD918 /* UserTimer.swift in Sources */ = {isa = PBXBuildFile; fileRef = BF02585F299BCBF900EBD918 /* UserTimer.swift */; };
		BF0D8899299E687600A0D28F /* userInput.swift in Sources */ = {isa = PBXBuildFile; fileRef = BF0D8898299E687600A0D28F /* userInput.swift */; };
/* End PBXBuildFile section */

/* Begin PBXFileReference section */
		BF02582429982D5F00EBD918 /* MittensForD.app */ = {isa = PBXFileReference; explicitFileType = wrapper.application; includeInIndex = 0; path = MittensForD.app; sourceTree = BUILT_PRODUCTS_DIR; };
		BF02582729982D5F00EBD918 /* MittensApp.swift */ = {isa = PBXFileReference; lastKnownFileType = sourcecode.swift; path = MittensApp.swift; sourceTree = "<group>"; };
		BF02582929982D5F00EBD918 /* ContentView.swift */ = {isa = PBXFileReference; lastKnownFileType = sourcecode.swift; path = ContentView.swift; sourceTree = "<group>"; };
		BF02582B29982D6100EBD918 /* Assets.xcassets */ = {isa = PBXFileReference; lastKnownFileType = folder.assetcatalog; path = Assets.xcassets; sourceTree = "<group>"; };
		BF02582E29982D6100EBD918 /* Preview Assets.xcassets */ = {isa = PBXFileReference; lastKnownFileType = folder.assetcatalog; path = "Preview Assets.xcassets"; sourceTree = "<group>"; };
		BF0258372998314E00EBD918 /* Data.swift */ = {isa = PBXFileReference; fileEncoding = 4; lastKnownFileType = sourcecode.swift; path = Data.swift; sourceTree = "<group>"; };
		BF0258382998314E00EBD918 /* WelcomeScreenEdit.swift */ = {isa = PBXFileReference; fileEncoding = 4; lastKnownFileType = sourcecode.swift; path = WelcomeScreenEdit.swift; sourceTree = "<group>"; };
		BF0258392998314E00EBD918 /* SettingsPage.swift */ = {isa = PBXFileReference; fileEncoding = 4; lastKnownFileType = sourcecode.swift; path = SettingsPage.swift; sourceTree = "<group>"; };
		BF02583C2998314E00EBD918 /* LoadingScreen.swift */ = {isa = PBXFileReference; fileEncoding = 4; lastKnownFileType = sourcecode.swift; path = LoadingScreen.swift; sourceTree = "<group>"; };
		BF02583D2998314E00EBD918 /* MainScreenWelcome.swift */ = {isa = PBXFileReference; fileEncoding = 4; lastKnownFileType = sourcecode.swift; path = MainScreenWelcome.swift; sourceTree = "<group>"; };
		BF02583F2998314E00EBD918 /* MainScreenView.swift */ = {isa = PBXFileReference; fileEncoding = 4; lastKnownFileType = sourcecode.swift; path = MainScreenView.swift; sourceTree = "<group>"; };
		BF0258422998314E00EBD918 /* ClockOutCheck.swift */ = {isa = PBXFileReference; fileEncoding = 4; lastKnownFileType = sourcecode.swift; path = ClockOutCheck.swift; sourceTree = "<group>"; };
		BF0258442998314E00EBD918 /* NewUserSignUpView.swift */ = {isa = PBXFileReference; fileEncoding = 4; lastKnownFileType = sourcecode.swift; path = NewUserSignUpView.swift; sourceTree = "<group>"; };
		BF0258462998314E00EBD918 /* UserRow.swift */ = {isa = PBXFileReference; fileEncoding = 4; lastKnownFileType = sourcecode.swift; path = UserRow.swift; sourceTree = "<group>"; };
		BF0258472998314E00EBD918 /* NameUserRow.swift */ = {isa = PBXFileReference; fileEncoding = 4; lastKnownFileType = sourcecode.swift; path = NameUserRow.swift; sourceTree = "<group>"; };
		BF0258492998314E00EBD918 /* ImputField.swift */ = {isa = PBXFileReference; fileEncoding = 4; lastKnownFileType = sourcecode.swift; path = ImputField.swift; sourceTree = "<group>"; };
		BF02584A2998314E00EBD918 /* RoundedShapes.swift */ = {isa = PBXFileReference; fileEncoding = 4; lastKnownFileType = sourcecode.swift; path = RoundedShapes.swift; sourceTree = "<group>"; };
		BF02585A299834CF00EBD918 /* Info.plist */ = {isa = PBXFileReference; lastKnownFileType = text.plist; path = Info.plist; sourceTree = "<group>"; };
		BF02585B2998360500EBD918 /* Vanilla-Caramel.otf */ = {isa = PBXFileReference; lastKnownFileType = file; path = "Vanilla-Caramel.otf"; sourceTree = "<group>"; };
		BF02585F299BCBF900EBD918 /* UserTimer.swift */ = {isa = PBXFileReference; lastKnownFileType = sourcecode.swift; path = UserTimer.swift; sourceTree = "<group>"; };
		BF0D8898299E687600A0D28F /* userInput.swift */ = {isa = PBXFileReference; lastKnownFileType = sourcecode.swift; path = userInput.swift; sourceTree = "<group>"; };
/* End PBXFileReference section */

/* Begin PBXFrameworksBuildPhase section */
		BF02582129982D5F00EBD918 /* Frameworks */ = {
			isa = PBXFrameworksBuildPhase;
			buildActionMask = 2147483647;
			files = (
			);
			runOnlyForDeploymentPostprocessing = 0;
		};
/* End PBXFrameworksBuildPhase section */

/* Begin PBXGroup section */
		BF02581B29982D5F00EBD918 = {
			isa = PBXGroup;
			children = (
				BF02582629982D5F00EBD918 /* Mittens */,
				BF02582529982D5F00EBD918 /* Products */,
			);
			sourceTree = "<group>";
		};
		BF02582529982D5F00EBD918 /* Products */ = {
			isa = PBXGroup;
			children = (
				BF02582429982D5F00EBD918 /* MittensForD.app */,
			);
			name = Products;
			sourceTree = "<group>";
		};
		BF02582629982D5F00EBD918 /* Mittens */ = {
			isa = PBXGroup;
			children = (
				BF02585A299834CF00EBD918 /* Info.plist */,
				BF02582729982D5F00EBD918 /* MittensApp.swift */,
				BF0258352998314E00EBD918 /* Core */,
				BF02582929982D5F00EBD918 /* ContentView.swift */,
				BF02582B29982D6100EBD918 /* Assets.xcassets */,
				BF02585B2998360500EBD918 /* Vanilla-Caramel.otf */,
				BF02582D29982D6100EBD918 /* Preview Content */,
			);
			path = Mittens;
			sourceTree = "<group>";
		};
		BF02582D29982D6100EBD918 /* Preview Content */ = {
			isa = PBXGroup;
			children = (
				BF02582E29982D6100EBD918 /* Preview Assets.xcassets */,
			);
			path = "Preview Content";
			sourceTree = "<group>";
		};
		BF0258352998314E00EBD918 /* Core */ = {
			isa = PBXGroup;
			children = (
				BF0258362998314E00EBD918 /* Settings */,
				BF02583A2998314E00EBD918 /* MainScreen */,
				BF0258402998314E00EBD918 /* Components */,
				BF0258452998314E00EBD918 /* Users */,
				BF0258482998314E00EBD918 /* Assets */,
			);
			path = Core;
			sourceTree = "<group>";
		};
		BF0258362998314E00EBD918 /* Settings */ = {
			isa = PBXGroup;
			children = (
				BF0258372998314E00EBD918 /* Data.swift */,
				BF0258382998314E00EBD918 /* WelcomeScreenEdit.swift */,
				BF0258392998314E00EBD918 /* SettingsPage.swift */,
			);
			path = Settings;
			sourceTree = "<group>";
		};
		BF02583A2998314E00EBD918 /* MainScreen */ = {
			isa = PBXGroup;
			children = (
				BF02583F2998314E00EBD918 /* MainScreenView.swift */,
				BF02583C2998314E00EBD918 /* LoadingScreen.swift */,
				BF02583D2998314E00EBD918 /* MainScreenWelcome.swift */,
			);
			path = MainScreen;
			sourceTree = "<group>";
		};
		BF0258402998314E00EBD918 /* Components */ = {
			isa = PBXGroup;
			children = (
				BF0258412998314E00EBD918 /* ClockOut */,
				BF0258432998314E00EBD918 /* signup_confirm */,
			);
			path = Components;
			sourceTree = "<group>";
		};
		BF0258412998314E00EBD918 /* ClockOut */ = {
			isa = PBXGroup;
			children = (
				BF0258422998314E00EBD918 /* ClockOutCheck.swift */,
			);
			path = ClockOut;
			sourceTree = "<group>";
		};
		BF0258432998314E00EBD918 /* signup_confirm */ = {
			isa = PBXGroup;
			children = (
				BF0258442998314E00EBD918 /* NewUserSignUpView.swift */,
				BF0D8898299E687600A0D28F /* userInput.swift */,
			);
			path = signup_confirm;
			sourceTree = "<group>";
		};
		BF0258452998314E00EBD918 /* Users */ = {
			isa = PBXGroup;
			children = (
				BF0258462998314E00EBD918 /* UserRow.swift */,
				BF0258472998314E00EBD918 /* NameUserRow.swift */,
				BF02585F299BCBF900EBD918 /* UserTimer.swift */,
			);
			path = Users;
			sourceTree = "<group>";
		};
		BF0258482998314E00EBD918 /* Assets */ = {
			isa = PBXGroup;
			children = (
				BF0258492998314E00EBD918 /* ImputField.swift */,
				BF02584A2998314E00EBD918 /* RoundedShapes.swift */,
			);
			path = Assets;
			sourceTree = "<group>";
		};
/* End PBXGroup section */

/* Begin PBXNativeTarget section */
		BF02582329982D5F00EBD918 /* MittensForD */ = {
			isa = PBXNativeTarget;
			buildConfigurationList = BF02583229982D6100EBD918 /* Build configuration list for PBXNativeTarget "MittensForD" */;
			buildPhases = (
				BF02582029982D5F00EBD918 /* Sources */,
				BF02582129982D5F00EBD918 /* Frameworks */,
				BF02582229982D5F00EBD918 /* Resources */,
			);
			buildRules = (
			);
			dependencies = (
			);
			name = MittensForD;
			productName = Mittens;
			productReference = BF02582429982D5F00EBD918 /* MittensForD.app */;
			productType = "com.apple.product-type.application";
		};
/* End PBXNativeTarget section */

/* Begin PBXProject section */
		BF02581C29982D5F00EBD918 /* Project object */ = {
			isa = PBXProject;
			attributes = {
				BuildIndependentTargetsInParallel = 1;
				LastSwiftUpdateCheck = 1420;
				LastUpgradeCheck = 1420;
				TargetAttributes = {
					BF02582329982D5F00EBD918 = {
						CreatedOnToolsVersion = 14.2;
					};
				};
			};
			buildConfigurationList = BF02581F29982D5F00EBD918 /* Build configuration list for PBXProject "MittensForD" */;
			compatibilityVersion = "Xcode 14.0";
			developmentRegion = en;
			hasScannedForEncodings = 0;
			knownRegions = (
				en,
				Base,
			);
			mainGroup = BF02581B29982D5F00EBD918;
			productRefGroup = BF02582529982D5F00EBD918 /* Products */;
			projectDirPath = "";
			projectRoot = "";
			targets = (
				BF02582329982D5F00EBD918 /* MittensForD */,
			);
		};
/* End PBXProject section */

/* Begin PBXResourcesBuildPhase section */
		BF02582229982D5F00EBD918 /* Resources */ = {
			isa = PBXResourcesBuildPhase;
			buildActionMask = 2147483647;
			files = (
				BF02582F29982D6100EBD918 /* Preview Assets.xcassets in Resources */,
				BF02582C29982D6100EBD918 /* Assets.xcassets in Resources */,
				BF02585C2998360500EBD918 /* Vanilla-Caramel.otf in Resources */,
			);
			runOnlyForDeploymentPostprocessing = 0;
		};
/* End PBXResourcesBuildPhase section */

/* Begin PBXSourcesBuildPhase section */
		BF02582029982D5F00EBD918 /* Sources */ = {
			isa = PBXSourcesBuildPhase;
			buildActionMask = 2147483647;
			files = (
				BF02584C2998314E00EBD918 /* WelcomeScreenEdit.swift in Sources */,
				BF0258522998314E00EBD918 /* MainScreenView.swift in Sources */,
				BF0258572998314E00EBD918 /* ImputField.swift in Sources */,
				BF0258582998314E00EBD918 /* RoundedShapes.swift in Sources */,
				BF0258532998314E00EBD918 /* ClockOutCheck.swift in Sources */,
				BF02584F2998314E00EBD918 /* LoadingScreen.swift in Sources */,
				BF02582A29982D5F00EBD918 /* ContentView.swift in Sources */,
				BF0258552998314E00EBD918 /* UserRow.swift in Sources */,
				BF0258502998314E00EBD918 /* MainScreenWelcome.swift in Sources */,
				BF0D8899299E687600A0D28F /* userInput.swift in Sources */,
				BF02584B2998314E00EBD918 /* Data.swift in Sources */,
				BF025860299BCBF900EBD918 /* UserTimer.swift in Sources */,
				BF02582829982D5F00EBD918 /* MittensApp.swift in Sources */,
				BF0258542998314E00EBD918 /* NewUserSignUpView.swift in Sources */,
				BF02584D2998314E00EBD918 /* SettingsPage.swift in Sources */,
				BF0258562998314E00EBD918 /* NameUserRow.swift in Sources */,
			);
			runOnlyForDeploymentPostprocessing = 0;
		};
/* End PBXSourcesBuildPhase section */

/* Begin XCBuildConfiguration section */
		BF02583029982D6100EBD918 /* Debug */ = {
			isa = XCBuildConfiguration;
			buildSettings = {
				ALWAYS_SEARCH_USER_PATHS = NO;
				CLANG_ANALYZER_NONNULL = YES;
				CLANG_ANALYZER_NUMBER_OBJECT_CONVERSION = YES_AGGRESSIVE;
				CLANG_CXX_LANGUAGE_STANDARD = "gnu++20";
				CLANG_ENABLE_MODULES = YES;
				CLANG_ENABLE_OBJC_ARC = YES;
				CLANG_ENABLE_OBJC_WEAK = YES;
				CLANG_WARN_BLOCK_CAPTURE_AUTORELEASING = YES;
				CLANG_WARN_BOOL_CONVERSION = YES;
				CLANG_WARN_COMMA = YES;
				CLANG_WARN_CONSTANT_CONVERSION = YES;
				CLANG_WARN_DEPRECATED_OBJC_IMPLEMENTATIONS = YES;
				CLANG_WARN_DIRECT_OBJC_ISA_USAGE = YES_ERROR;
				CLANG_WARN_DOCUMENTATION_COMMENTS = YES;
				CLANG_WARN_EMPTY_BODY = YES;
				CLANG_WARN_ENUM_CONVERSION = YES;
				CLANG_WARN_INFINITE_RECURSION = YES;
				CLANG_WARN_INT_CONVERSION = YES;
				CLANG_WARN_NON_LITERAL_NULL_CONVERSION = YES;
				CLANG_WARN_OBJC_IMPLICIT_RETAIN_SELF = YES;
				CLANG_WARN_OBJC_LITERAL_CONVERSION = YES;
				CLANG_WARN_OBJC_ROOT_CLASS = YES_ERROR;
				CLANG_WARN_QUOTED_INCLUDE_IN_FRAMEWORK_HEADER = YES;
				CLANG_WARN_RANGE_LOOP_ANALYSIS = YES;
				CLANG_WARN_STRICT_PROTOTYPES = YES;
				CLANG_WARN_SUSPICIOUS_MOVE = YES;
				CLANG_WARN_UNGUARDED_AVAILABILITY = YES_AGGRESSIVE;
				CLANG_WARN_UNREACHABLE_CODE = YES;
				CLANG_WARN__DUPLICATE_METHOD_MATCH = YES;
				COPY_PHASE_STRIP = NO;
				DEBUG_INFORMATION_FORMAT = dwarf;
				ENABLE_STRICT_OBJC_MSGSEND = YES;
				ENABLE_TESTABILITY = YES;
				GCC_C_LANGUAGE_STANDARD = gnu11;
				GCC_DYNAMIC_NO_PIC = NO;
				GCC_NO_COMMON_BLOCKS = YES;
				GCC_OPTIMIZATION_LEVEL = 0;
				GCC_PREPROCESSOR_DEFINITIONS = (
					"DEBUG=1",
					"$(inherited)",
				);
				GCC_WARN_64_TO_32_BIT_CONVERSION = YES;
				GCC_WARN_ABOUT_RETURN_TYPE = YES_ERROR;
				GCC_WARN_UNDECLARED_SELECTOR = YES;
				GCC_WARN_UNINITIALIZED_AUTOS = YES_AGGRESSIVE;
				GCC_WARN_UNUSED_FUNCTION = YES;
				GCC_WARN_UNUSED_VARIABLE = YES;
				IPHONEOS_DEPLOYMENT_TARGET = 16.2;
				MTL_ENABLE_DEBUG_INFO = INCLUDE_SOURCE;
				MTL_FAST_MATH = YES;
				ONLY_ACTIVE_ARCH = YES;
				SDKROOT = iphoneos;
				SWIFT_ACTIVE_COMPILATION_CONDITIONS = DEBUG;
				SWIFT_OPTIMIZATION_LEVEL = "-Onone";
			};
			name = Debug;
		};
		BF02583129982D6100EBD918 /* Release */ = {
			isa = XCBuildConfiguration;
			buildSettings = {
				ALWAYS_SEARCH_USER_PATHS = NO;
				CLANG_ANALYZER_NONNULL = YES;
				CLANG_ANALYZER_NUMBER_OBJECT_CONVERSION = YES_AGGRESSIVE;
				CLANG_CXX_LANGUAGE_STANDARD = "gnu++20";
				CLANG_ENABLE_MODULES = YES;
				CLANG_ENABLE_OBJC_ARC = YES;
				CLANG_ENABLE_OBJC_WEAK = YES;
				CLANG_WARN_BLOCK_CAPTURE_AUTORELEASING = YES;
				CLANG_WARN_BOOL_CONVERSION = YES;
				CLANG_WARN_COMMA = YES;
				CLANG_WARN_CONSTANT_CONVERSION = YES;
				CLANG_WARN_DEPRECATED_OBJC_IMPLEMENTATIONS = YES;
				CLANG_WARN_DIRECT_OBJC_ISA_USAGE = YES_ERROR;
				CLANG_WARN_DOCUMENTATION_COMMENTS = YES;
				CLANG_WARN_EMPTY_BODY = YES;
				CLANG_WARN_ENUM_CONVERSION = YES;
				CLANG_WARN_INFINITE_RECURSION = YES;
				CLANG_WARN_INT_CONVERSION = YES;
				CLANG_WARN_NON_LITERAL_NULL_CONVERSION = YES;
				CLANG_WARN_OBJC_IMPLICIT_RETAIN_SELF = YES;
				CLANG_WARN_OBJC_LITERAL_CONVERSION = YES;
				CLANG_WARN_OBJC_ROOT_CLASS = YES_ERROR;
				CLANG_WARN_QUOTED_INCLUDE_IN_FRAMEWORK_HEADER = YES;
				CLANG_WARN_RANGE_LOOP_ANALYSIS = YES;
				CLANG_WARN_STRICT_PROTOTYPES = YES;
				CLANG_WARN_SUSPICIOUS_MOVE = YES;
				CLANG_WARN_UNGUARDED_AVAILABILITY = YES_AGGRESSIVE;
				CLANG_WARN_UNREACHABLE_CODE = YES;
				CLANG_WARN__DUPLICATE_METHOD_MATCH = YES;
				COPY_PHASE_STRIP = NO;
				DEBUG_INFORMATION_FORMAT = "dwarf-with-dsym";
				ENABLE_NS_ASSERTIONS = NO;
				ENABLE_STRICT_OBJC_MSGSEND = YES;
				GCC_C_LANGUAGE_STANDARD = gnu11;
				GCC_NO_COMMON_BLOCKS = YES;
				GCC_WARN_64_TO_32_BIT_CONVERSION = YES;
				GCC_WARN_ABOUT_RETURN_TYPE = YES_ERROR;
				GCC_WARN_UNDECLARED_SELECTOR = YES;
				GCC_WARN_UNINITIALIZED_AUTOS = YES_AGGRESSIVE;
				GCC_WARN_UNUSED_FUNCTION = YES;
				GCC_WARN_UNUSED_VARIABLE = YES;
				IPHONEOS_DEPLOYMENT_TARGET = 16.2;
				MTL_ENABLE_DEBUG_INFO = NO;
				MTL_FAST_MATH = YES;
				SDKROOT = iphoneos;
				SWIFT_COMPILATION_MODE = wholemodule;
				SWIFT_OPTIMIZATION_LEVEL = "-O";
				VALIDATE_PRODUCT = YES;
			};
			name = Release;
		};
		BF02583329982D6100EBD918 /* Debug */ = {
			isa = XCBuildConfiguration;
			buildSettings = {
				ASSETCATALOG_COMPILER_APPICON_NAME = AppIcon;
				ASSETCATALOG_COMPILER_GLOBAL_ACCENT_COLOR_NAME = AccentColor;
				CODE_SIGN_STYLE = Automatic;
				CURRENT_PROJECT_VERSION = 1;
				DEVELOPMENT_ASSET_PATHS = "\"Mittens/Preview Content\"";
				DEVELOPMENT_TEAM = 47TS9Q8K37;
				ENABLE_PREVIEWS = YES;
				GENERATE_INFOPLIST_FILE = YES;
				INFOPLIST_FILE = Mittens/Info.plist;
				INFOPLIST_KEY_CFBundleDisplayName = "";
				INFOPLIST_KEY_LSApplicationCategoryType = "";
				INFOPLIST_KEY_UIApplicationSceneManifest_Generation = YES;
				INFOPLIST_KEY_UIApplicationSupportsIndirectInputEvents = YES;
				INFOPLIST_KEY_UILaunchScreen_Generation = YES;
				INFOPLIST_KEY_UISupportedInterfaceOrientations_iPad = "UIInterfaceOrientationPortrait UIInterfaceOrientationPortraitUpsideDown UIInterfaceOrientationLandscapeLeft UIInterfaceOrientationLandscapeRight";
				INFOPLIST_KEY_UISupportedInterfaceOrientations_iPhone = "UIInterfaceOrientationPortrait UIInterfaceOrientationLandscapeLeft UIInterfaceOrientationLandscapeRight";
				LD_RUNPATH_SEARCH_PATHS = (
					"$(inherited)",
					"@executable_path/Frameworks",
				);
				MARKETING_VERSION = 0.1.0;
				PRODUCT_BUNDLE_IDENTIFIER = Acadmy.Mittens;
				PRODUCT_NAME = "$(TARGET_NAME)";
				SWIFT_EMIT_LOC_STRINGS = YES;
				SWIFT_VERSION = 5.0;
				TARGETED_DEVICE_FAMILY = "1,2";
			};
			name = Debug;
		};
		BF02583429982D6100EBD918 /* Release */ = {
			isa = XCBuildConfiguration;
			buildSettings = {
				ASSETCATALOG_COMPILER_APPICON_NAME = AppIcon;
				ASSETCATALOG_COMPILER_GLOBAL_ACCENT_COLOR_NAME = AccentColor;
				CODE_SIGN_STYLE = Automatic;
				CURRENT_PROJECT_VERSION = 1;
				DEVELOPMENT_ASSET_PATHS = "\"Mittens/Preview Content\"";
				DEVELOPMENT_TEAM = 47TS9Q8K37;
				ENABLE_PREVIEWS = YES;
				GENERATE_INFOPLIST_FILE = YES;
				INFOPLIST_FILE = Mittens/Info.plist;
				INFOPLIST_KEY_CFBundleDisplayName = "";
				INFOPLIST_KEY_LSApplicationCategoryType = "";
				INFOPLIST_KEY_UIApplicationSceneManifest_Generation = YES;
				INFOPLIST_KEY_UIApplicationSupportsIndirectInputEvents = YES;
				INFOPLIST_KEY_UILaunchScreen_Generation = YES;
				INFOPLIST_KEY_UISupportedInterfaceOrientations_iPad = "UIInterfaceOrientationPortrait UIInterfaceOrientationPortraitUpsideDown UIInterfaceOrientationLandscapeLeft UIInterfaceOrientationLandscapeRight";
				INFOPLIST_KEY_UISupportedInterfaceOrientations_iPhone = "UIInterfaceOrientationPortrait UIInterfaceOrientationLandscapeLeft UIInterfaceOrientationLandscapeRight";
				LD_RUNPATH_SEARCH_PATHS = (
					"$(inherited)",
					"@executable_path/Frameworks",
				);
				MARKETING_VERSION = 0.1.0;
				PRODUCT_BUNDLE_IDENTIFIER = Acadmy.Mittens;
				PRODUCT_NAME = "$(TARGET_NAME)";
				SWIFT_EMIT_LOC_STRINGS = YES;
				SWIFT_VERSION = 5.0;
				TARGETED_DEVICE_FAMILY = "1,2";
			};
			name = Release;
		};
/* End XCBuildConfiguration section */

/* Begin XCConfigurationList section */
		BF02581F29982D5F00EBD918 /* Build configuration list for PBXProject "MittensForD" */ = {
			isa = XCConfigurationList;
			buildConfigurations = (
				BF02583029982D6100EBD918 /* Debug */,
				BF02583129982D6100EBD918 /* Release */,
			);
			defaultConfigurationIsVisible = 0;
			defaultConfigurationName = Release;
		};
		BF02583229982D6100EBD918 /* Build configuration list for PBXNativeTarget "MittensForD" */ = {
			isa = XCConfigurationList;
			buildConfigurations = (
				BF02583329982D6100EBD918 /* Debug */,
				BF02583429982D6100EBD918 /* Release */,
			);
			defaultConfigurationIsVisible = 0;
			defaultConfigurationName = Release;
		};
/* End XCConfigurationList section */
	};
	rootObject = BF02581C29982D5F00EBD918 /* Project object */;
}
